{
  "pins" : [
    {
      "identity" : "commander",
      "kind" : "remoteSourceControl",
      "location" : "https://github.com/kylef/Commander.git",
      "state" : {
        "revision" : "4a1f2fb82fb6cef613c4a25d2e38f702e4d812c2",
        "version" : "0.9.2"
      }
    },
    {
      "identity" : "cryptoswift",
      "kind" : "remoteSourceControl",
      "location" : "https://github.com/krzyzanowskim/CryptoSwift.git",
      "state" : {
        "revision" : "19b3c3ceed117c5cc883517c4e658548315ba70b",
        "version" : "1.6.0"
      }
    },
    {
      "identity" : "filepath",
      "kind" : "remoteSourceControl",
      "location" : "https://github.com/my1325/FilePath.git",
      "state" : {
        "branch" : "main",
        "revision" : "f15d7e5458be91bf5f30eb16c525215fee44cf87"
      }
    },
    {
      "identity" : "spectre",
      "kind" : "remoteSourceControl",
      "location" : "https://github.com/kylef/Spectre.git",
      "state" : {
        "revision" : "26cc5e9ae0947092c7139ef7ba612e34646086c7",
        "version" : "0.10.1"
      }
    },
    {
      "identity" : "swiftxlsx",
      "kind" : "remoteSourceControl",
      "location" : "https://github.com/3973770/SwiftXLSX.git",
      "state" : {
        "revision" : "f2604c774dd55afd8c2b6f50e40cf204ea32fe11",
        "version" : "0.1.4"
      }
    },
    {
      "identity" : "ziparchive",
      "kind" : "remoteSourceControl",
      "location" : "https://github.com/ZipArchive/ZipArchive.git",
      "state" : {
        "revision" : "79d4dc9729096c6ad83dd3cee2b9f354d1b4ab7b",
        "version" : "2.5.5"
      }
    }
  ],
  "version" : 2
}
